
Microsoft Visual Studio Solution File, Format Version 12.00
# Visual Studio Version 17
VisualStudioVersion = 17.5.002.0
MinimumVisualStudioVersion = 10.0.40219.1
Project("{9A19103F-16F7-4668-BE54-9A1E7A4F7556}") = "Dotnet", "Dotnet.csproj", "{7596E047-8731-44CA-8FB5-ADD7B6F5A299}"
EndProject
Global
	GlobalSection(SolutionConfigurationPlatforms) = preSolution
		Debug|Any CPU = Debug|Any CPU
		Release|Any CPU = Release|Any CPU
	EndGlobalSection
	GlobalSection(ProjectConfigurationPlatforms) = postSolution
		{7596E047-8731-44CA-8FB5-ADD7B6F5A299}.Debug|Any CPU.ActiveCfg = Debug|Any CPU
		{7596E047-8731-44CA-8FB5-ADD7B6F5A299}.Debug|Any CPU.Build.0 = Debug|Any CPU
		{7596E047-8731-44CA-8FB5-ADD7B6F5A299}.Release|Any CPU.ActiveCfg = Release|Any CPU
		{7596E047-8731-44CA-8FB5-ADD7B6F5A299}.Release|Any CPU.Build.0 = Release|Any CPU
	EndGlobalSection
	GlobalSection(SolutionProperties) = preSolution
		HideSolutionNode = FALSE
	EndGlobalSection
	GlobalSection(ExtensibilityGlobals) = postSolution
		SolutionGuid = {0D09FF52-81C6-44CB-B4D0-0AAF20EBB465}
	EndGlobalSection
EndGlobal
